
Microsoft Visual Studio Solution File, Format Version 12.00
# Visual Studio Version 17
VisualStudioVersion = 17.7.34024.191
MinimumVisualStudioVersion = 10.0.40219.1
Project("{9A19103F-16F7-4668-BE54-9A1E7A4F7556}") = "ControlTecnicosUI_V2.0", "ControlTecnicosUI_V2.0\ControlTecnicosUI_V2.0.csproj", "{007C86D8-0ABB-4BDD-BEC7-0069FA6F8F4E}"
EndProject
Project("{FAE04EC0-301F-11D3-BF4B-00C04F79EFBC}") = "ControlTecnicos.Models", "ControlTecnicos.Models\ControlTecnicos.Models.csproj", "{08DE300C-FCF3-46A0-9AD7-4493B9474CDC}"
EndProject
Project("{FAE04EC0-301F-11D3-BF4B-00C04F79EFBC}") = "ControlTecnicos.BLL", "ControlTecnicos.BLL\ControlTecnicos.BLL.csproj", "{BCA4C5CA-8405-43AE-96B1-2BB33DF35922}"
EndProject
Project("{FAE04EC0-301F-11D3-BF4B-00C04F79EFBC}") = "ControlTecnicos.DAL", "ControlTecnicos.DAL\ControlTecnicos.DAL.csproj", "{4D562531-2E8E-421F-8937-836AAB304FA7}"
EndProject
Global
	GlobalSection(SolutionConfigurationPlatforms) = preSolution
		Debug|Any CPU = Debug|Any CPU
		Release|Any CPU = Release|Any CPU
	EndGlobalSection
	GlobalSection(ProjectConfigurationPlatforms) = postSolution
		{007C86D8-0ABB-4BDD-BEC7-0069FA6F8F4E}.Debug|Any CPU.ActiveCfg = Debug|Any CPU
		{007C86D8-0ABB-4BDD-BEC7-0069FA6F8F4E}.Debug|Any CPU.Build.0 = Debug|Any CPU
		{007C86D8-0ABB-4BDD-BEC7-0069FA6F8F4E}.Release|Any CPU.ActiveCfg = Release|Any CPU
		{007C86D8-0ABB-4BDD-BEC7-0069FA6F8F4E}.Release|Any CPU.Build.0 = Release|Any CPU
		{08DE300C-FCF3-46A0-9AD7-4493B9474CDC}.Debug|Any CPU.ActiveCfg = Debug|Any CPU
		{08DE300C-FCF3-46A0-9AD7-4493B9474CDC}.Debug|Any CPU.Build.0 = Debug|Any CPU
		{08DE300C-FCF3-46A0-9AD7-4493B9474CDC}.Release|Any CPU.ActiveCfg = Release|Any CPU
		{08DE300C-FCF3-46A0-9AD7-4493B9474CDC}.Release|Any CPU.Build.0 = Release|Any CPU
		{BCA4C5CA-8405-43AE-96B1-2BB33DF35922}.Debug|Any CPU.ActiveCfg = Debug|Any CPU
		{BCA4C5CA-8405-43AE-96B1-2BB33DF35922}.Debug|Any CPU.Build.0 = Debug|Any CPU
		{BCA4C5CA-8405-43AE-96B1-2BB33DF35922}.Release|Any CPU.ActiveCfg = Release|Any CPU
		{BCA4C5CA-8405-43AE-96B1-2BB33DF35922}.Release|Any CPU.Build.0 = Release|Any CPU
		{4D562531-2E8E-421F-8937-836AAB304FA7}.Debug|Any CPU.ActiveCfg = Debug|Any CPU
		{4D562531-2E8E-421F-8937-836AAB304FA7}.Debug|Any CPU.Build.0 = Debug|Any CPU
		{4D562531-2E8E-421F-8937-836AAB304FA7}.Release|Any CPU.ActiveCfg = Release|Any CPU
		{4D562531-2E8E-421F-8937-836AAB304FA7}.Release|Any CPU.Build.0 = Release|Any CPU
	EndGlobalSection
	GlobalSection(SolutionProperties) = preSolution
		HideSolutionNode = FALSE
	EndGlobalSection
	GlobalSection(ExtensibilityGlobals) = postSolution
		SolutionGuid = {856CAB9F-C94E-4A9F-A112-584448DFB14C}
	EndGlobalSection
EndGlobal
